
Microsoft Visual Studio Solution File, Format Version 12.00
# Visual Studio 15
VisualStudioVersion = 15.0.28307.329
MinimumVisualStudioVersion = 10.0.40219.1
Project("{FAE04EC0-301F-11D3-BF4B-00C04F79EFBC}") = "CSharpPrecompiledStorageBlob", "CSharpPrecompiledStorageBlob\CSharpPrecompiledStorageBlob.csproj", "{B5D609E7-D8DB-45D7-A26D-4A95D04DB06F}"
EndProject
Global
	GlobalSection(SolutionConfigurationPlatforms) = preSolution
		Debug|Any CPU = Debug|Any CPU
		Release|Any CPU = Release|Any CPU
	EndGlobalSection
	GlobalSection(ProjectConfigurationPlatforms) = postSolution
		{B5D609E7-D8DB-45D7-A26D-4A95D04DB06F}.Debug|Any CPU.ActiveCfg = Debug|Any CPU
		{B5D609E7-D8DB-45D7-A26D-4A95D04DB06F}.Debug|Any CPU.Build.0 = Debug|Any CPU
		{B5D609E7-D8DB-45D7-A26D-4A95D04DB06F}.Release|Any CPU.ActiveCfg = Release|Any CPU
		{B5D609E7-D8DB-45D7-A26D-4A95D04DB06F}.Release|Any CPU.Build.0 = Release|Any CPU
	EndGlobalSection
	GlobalSection(SolutionProperties) = preSolution
		HideSolutionNode = FALSE
	EndGlobalSection
	GlobalSection(ExtensibilityGlobals) = postSolution
		SolutionGuid = {63ACC230-2DA0-4F02-BEB6-3EBD672F232A}
	EndGlobalSection
EndGlobal
